
Microsoft Visual Studio Solution File, Format Version 12.00
# Visual Studio Version 17
VisualStudioVersion = 17.5.33502.453
MinimumVisualStudioVersion = 10.0.40219.1
Project("{9A19103F-16F7-4668-BE54-9A1E7A4F7556}") = "Pay.Data", "Pay.Data\Pay.Data.csproj", "{36F9AF4A-855F-4617-9425-8DDB9FFF3863}"
EndProject
Project("{9A19103F-16F7-4668-BE54-9A1E7A4F7556}") = "Pay.Common", "Pay.Common\Pay.Common.csproj", "{689CF1F2-1657-455F-9849-90A40AE7B81C}"
EndProject
Project("{9A19103F-16F7-4668-BE54-9A1E7A4F7556}") = "Pay.Services", "Pay.Services\Pay.Services.csproj", "{B56F31D4-68A7-4B72-9C55-412E32CD79EE}"
EndProject
Project("{9A19103F-16F7-4668-BE54-9A1E7A4F7556}") = "Pay.Infrestructure", "Pay.Infrestructure\Pay.Infrestructure.csproj", "{DF742646-B25A-4540-8045-63F30EA48BA4}"
EndProject
Project("{9A19103F-16F7-4668-BE54-9A1E7A4F7556}") = "Pay.Presentation", "Pay.Presentation\Pay.Presentation.csproj", "{7DE8DD3D-F770-464B-94BB-449698AC871C}"
EndProject
Global
	GlobalSection(SolutionConfigurationPlatforms) = preSolution
		Debug|Any CPU = Debug|Any CPU
		Release|Any CPU = Release|Any CPU
	EndGlobalSection
	GlobalSection(ProjectConfigurationPlatforms) = postSolution
		{36F9AF4A-855F-4617-9425-8DDB9FFF3863}.Debug|Any CPU.ActiveCfg = Debug|Any CPU
		{36F9AF4A-855F-4617-9425-8DDB9FFF3863}.Debug|Any CPU.Build.0 = Debug|Any CPU
		{36F9AF4A-855F-4617-9425-8DDB9FFF3863}.Release|Any CPU.ActiveCfg = Release|Any CPU
		{36F9AF4A-855F-4617-9425-8DDB9FFF3863}.Release|Any CPU.Build.0 = Release|Any CPU
		{689CF1F2-1657-455F-9849-90A40AE7B81C}.Debug|Any CPU.ActiveCfg = Debug|Any CPU
		{689CF1F2-1657-455F-9849-90A40AE7B81C}.Debug|Any CPU.Build.0 = Debug|Any CPU
		{689CF1F2-1657-455F-9849-90A40AE7B81C}.Release|Any CPU.ActiveCfg = Release|Any CPU
		{689CF1F2-1657-455F-9849-90A40AE7B81C}.Release|Any CPU.Build.0 = Release|Any CPU
		{B56F31D4-68A7-4B72-9C55-412E32CD79EE}.Debug|Any CPU.ActiveCfg = Debug|Any CPU
		{B56F31D4-68A7-4B72-9C55-412E32CD79EE}.Debug|Any CPU.Build.0 = Debug|Any CPU
		{B56F31D4-68A7-4B72-9C55-412E32CD79EE}.Release|Any CPU.ActiveCfg = Release|Any CPU
		{B56F31D4-68A7-4B72-9C55-412E32CD79EE}.Release|Any CPU.Build.0 = Release|Any CPU
		{DF742646-B25A-4540-8045-63F30EA48BA4}.Debug|Any CPU.ActiveCfg = Debug|Any CPU
		{DF742646-B25A-4540-8045-63F30EA48BA4}.Debug|Any CPU.Build.0 = Debug|Any CPU
		{DF742646-B25A-4540-8045-63F30EA48BA4}.Release|Any CPU.ActiveCfg = Release|Any CPU
		{DF742646-B25A-4540-8045-63F30EA48BA4}.Release|Any CPU.Build.0 = Release|Any CPU
		{7DE8DD3D-F770-464B-94BB-449698AC871C}.Debug|Any CPU.ActiveCfg = Debug|Any CPU
		{7DE8DD3D-F770-464B-94BB-449698AC871C}.Debug|Any CPU.Build.0 = Debug|Any CPU
		{7DE8DD3D-F770-464B-94BB-449698AC871C}.Release|Any CPU.ActiveCfg = Release|Any CPU
		{7DE8DD3D-F770-464B-94BB-449698AC871C}.Release|Any CPU.Build.0 = Release|Any CPU
	EndGlobalSection
	GlobalSection(SolutionProperties) = preSolution
		HideSolutionNode = FALSE
	EndGlobalSection
	GlobalSection(ExtensibilityGlobals) = postSolution
		SolutionGuid = {B3F49988-6D83-44DD-BECB-2A1EA4F0893A}
	EndGlobalSection
EndGlobal
